PODS:
  - CreditCardValidator (0.5.3)
  - Ioka (0.0.1)

DEPENDENCIES:
  - CreditCardValidator (~> 0.5.3)
  - Ioka (from `..`)

SPEC REPOS:
  trunk:
    - CreditCardValidator

EXTERNAL SOURCES:
  Ioka:
    :path: ".."

SPEC CHECKSUMS:
  CreditCardValidator: 8306e89b1092e03a146c1bd40943cff09e816772
  Ioka: 72b360a2761db0f634eec3293fe233244860ad43

PODFILE CHECKSUM: 8aff6c4e0f8668259131f66d7aaf5311fb1ee1e0

COCOAPODS: 1.11.2
