// !$*UTF8*$!
{
	archiveVersion = 1;
	classes = {
	};
	objectVersion = 55;
	objects = {

/* Begin PBXBuildFile section */
		24BC3CC94587BDBD53C5FCC5 /* Pods_IokaDemoApp.framework in Frameworks */ = {isa = PBXBuildFile; fileRef = 7B9FBC502BEB905A430D1692 /* Pods_IokaDemoApp.framework */; };
		6DB0A13F27FBA42C008A8381 /* AppDelegate.swift in Sources */ = {isa = PBXBuildFile; fileRef = 6DB0A13E27FBA42C008A8381 /* AppDelegate.swift */; };
		6DB0A14127FBA42C008A8381 /* SceneDelegate.swift in Sources */ = {isa = PBXBuildFile; fileRef = 6DB0A14027FBA42C008A8381 /* SceneDelegate.swift */; };
		6DB0A14627FBA42C008A8381 /* Main.storyboard in Resources */ = {isa = PBXBuildFile; fileRef = 6DB0A14427FBA42C008A8381 /* Main.storyboard */; };
		6DB0A14B27FBA42D008A8381 /* LaunchScreen.storyboard in Resources */ = {isa = PBXBuildFile; fileRef = 6DB0A14927FBA42D008A8381 /* LaunchScreen.storyboard */; };
		6DB0A2F827FBA8A1008A8381 /* MainTabBarController.swift in Sources */ = {isa = PBXBuildFile; fileRef = 6DB0A25D27FBA8A1008A8381 /* MainTabBarController.swift */; };
		6DB0A2F927FBA8A1008A8381 /* ProfileViewModel.swift in Sources */ = {isa = PBXBuildFile; fileRef = 6DB0A26027FBA8A1008A8381 /* ProfileViewModel.swift */; };
		6DB0A2FA27FBA8A1008A8381 /* ProfileView.swift in Sources */ = {isa = PBXBuildFile; fileRef = 6DB0A26227FBA8A1008A8381 /* ProfileView.swift */; };
		6DB0A2FB27FBA8A1008A8381 /* LanguageProfileView.swift in Sources */ = {isa = PBXBuildFile; fileRef = 6DB0A26327FBA8A1008A8381 /* LanguageProfileView.swift */; };
		6DB0A2FC27FBA8A1008A8381 /* SaveCardProfileView.swift in Sources */ = {isa = PBXBuildFile; fileRef = 6DB0A26427FBA8A1008A8381 /* SaveCardProfileView.swift */; };
		6DB0A2FD27FBA8A1008A8381 /* ThemeProfileView.swift in Sources */ = {isa = PBXBuildFile; fileRef = 6DB0A26527FBA8A1008A8381 /* ThemeProfileView.swift */; };
		6DB0A2FE27FBA8A1008A8381 /* ProfileViewController.swift in Sources */ = {isa = PBXBuildFile; fileRef = 6DB0A26727FBA8A1008A8381 /* ProfileViewController.swift */; };
		6DB0A2FF27FBA8A1008A8381 /* OrderConfirmationViewModel.swift in Sources */ = {isa = PBXBuildFile; fileRef = 6DB0A26A27FBA8A1008A8381 /* OrderConfirmationViewModel.swift */; };
		6DB0A30027FBA8A1008A8381 /* OrderConfirmationView.swift in Sources */ = {isa = PBXBuildFile; fileRef = 6DB0A26C27FBA8A1008A8381 /* OrderConfirmationView.swift */; };
		6DB0A30127FBA8A1008A8381 /* PaymentView.swift in Sources */ = {isa = PBXBuildFile; fileRef = 6DB0A26E27FBA8A1008A8381 /* PaymentView.swift */; };
		6DB0A30227FBA8A1008A8381 /* OrderInformationView.swift in Sources */ = {isa = PBXBuildFile; fileRef = 6DB0A26F27FBA8A1008A8381 /* OrderInformationView.swift */; };
		6DB0A30327FBA8A1008A8381 /* OrderConfirmationViewController.swift in Sources */ = {isa = PBXBuildFile; fileRef = 6DB0A27127FBA8A1008A8381 /* OrderConfirmationViewController.swift */; };
		6DB0A30427FBA8A1008A8381 /* DemoAppEndPoint.swift in Sources */ = {isa = PBXBuildFile; fileRef = 6DB0A27327FBA8A1008A8381 /* DemoAppEndPoint.swift */; };
		6DB0A30527FBA8A1008A8381 /* DemoAppApi.swift in Sources */ = {isa = PBXBuildFile; fileRef = 6DB0A27427FBA8A1008A8381 /* DemoAppApi.swift */; };
		6DB0A30727FBA8A1008A8381 /* DemoImages.swift in Sources */ = {isa = PBXBuildFile; fileRef = 6DB0A27927FBA8A1008A8381 /* DemoImages.swift */; };
		6DB0A30827FBA8A1008A8381 /* GetProfileResponse.swift in Sources */ = {isa = PBXBuildFile; fileRef = 6DB0A27B27FBA8A1008A8381 /* GetProfileResponse.swift */; };
		6DB0A30927FBA8A1008A8381 /* PaymentTypeViewModel.swift in Sources */ = {isa = PBXBuildFile; fileRef = 6DB0A27E27FBA8A1008A8381 /* PaymentTypeViewModel.swift */; };
		6DB0A30A27FBA8A1008A8381 /* PaymentTypeView.swift in Sources */ = {isa = PBXBuildFile; fileRef = 6DB0A28027FBA8A1008A8381 /* PaymentTypeView.swift */; };
		6DB0A30B27FBA8A1008A8381 /* CardPaymentCell.swift in Sources */ = {isa = PBXBuildFile; fileRef = 6DB0A28227FBA8A1008A8381 /* CardPaymentCell.swift */; };
		6DB0A30C27FBA8A1008A8381 /* BankCardView.swift in Sources */ = {isa = PBXBuildFile; fileRef = 6DB0A28327FBA8A1008A8381 /* BankCardView.swift */; };
		6DB0A30D27FBA8A1008A8381 /* PayWithCashView.swift in Sources */ = {isa = PBXBuildFile; fileRef = 6DB0A28427FBA8A1008A8381 /* PayWithCashView.swift */; };
		6DB0A30E27FBA8A1008A8381 /* ApplePayCell.swift in Sources */ = {isa = PBXBuildFile; fileRef = 6DB0A28527FBA8A1008A8381 /* ApplePayCell.swift */; };
		6DB0A30F27FBA8A1008A8381 /* PaymentTypeViewController.swift in Sources */ = {isa = PBXBuildFile; fileRef = 6DB0A28727FBA8A1008A8381 /* PaymentTypeViewController.swift */; };
		6DB0A35A27FBA8A2008A8381 /* SavedCardsViewModel.swift in Sources */ = {isa = PBXBuildFile; fileRef = 6DB0A2E827FBA8A1008A8381 /* SavedCardsViewModel.swift */; };
		6DB0A35B27FBA8A2008A8381 /* DemoAppErrorView.swift in Sources */ = {isa = PBXBuildFile; fileRef = 6DB0A2EA27FBA8A1008A8381 /* DemoAppErrorView.swift */; };
		6DB0A35C27FBA8A2008A8381 /* GetCardTableViewCell.swift in Sources */ = {isa = PBXBuildFile; fileRef = 6DB0A2EB27FBA8A1008A8381 /* GetCardTableViewCell.swift */; };
		6DB0A35D27FBA8A2008A8381 /* AddNewCardTableViewCell.swift in Sources */ = {isa = PBXBuildFile; fileRef = 6DB0A2EC27FBA8A1008A8381 /* AddNewCardTableViewCell.swift */; };
		6DB0A35E27FBA8A2008A8381 /* SavedCardsViewController.swift in Sources */ = {isa = PBXBuildFile; fileRef = 6DB0A2EE27FBA8A1008A8381 /* SavedCardsViewController.swift */; };
		6DB0A35F27FBA8A2008A8381 /* DeleteSavedCardView.swift in Sources */ = {isa = PBXBuildFile; fileRef = 6DB0A2F127FBA8A1008A8381 /* DeleteSavedCardView.swift */; };
		6DB0A36027FBA8A2008A8381 /* DeleteSavedCardViewController.swift in Sources */ = {isa = PBXBuildFile; fileRef = 6DB0A2F327FBA8A1008A8381 /* DeleteSavedCardViewController.swift */; };
		6DB0A36127FBA8A2008A8381 /* CartViewController.swift in Sources */ = {isa = PBXBuildFile; fileRef = 6DB0A2F527FBA8A1008A8381 /* CartViewController.swift */; };
		6DB0A36227FBA8A2008A8381 /* ProductCell.swift in Sources */ = {isa = PBXBuildFile; fileRef = 6DB0A2F627FBA8A1008A8381 /* ProductCell.swift */; };
		6DB0A36327FBA8A2008A8381 /* OrderModel.swift in Sources */ = {isa = PBXBuildFile; fileRef = 6DB0A2F727FBA8A1008A8381 /* OrderModel.swift */; };
		6DB0A36727FBAAC6008A8381 /* Assets.xcassets in Resources */ = {isa = PBXBuildFile; fileRef = 6DB0A36627FBAAC6008A8381 /* Assets.xcassets */; };
		AFC2B47D2806C72200630F70 /* DemoImageVIew.swift in Sources */ = {isa = PBXBuildFile; fileRef = AFC2B47C2806C72200630F70 /* DemoImageVIew.swift */; };
		AFC2B47F2806C73000630F70 /* DemoButton.swift in Sources */ = {isa = PBXBuildFile; fileRef = AFC2B47E2806C73000630F70 /* DemoButton.swift */; };
		AFC2B4822806C7B000630F70 /* UIView+Constraints.swift in Sources */ = {isa = PBXBuildFile; fileRef = AFC2B4812806C7B000630F70 /* UIView+Constraints.swift */; };
		AFC2B4842806C7BB00630F70 /* DemoLabel.swift in Sources */ = {isa = PBXBuildFile; fileRef = AFC2B4832806C7BB00630F70 /* DemoLabel.swift */; };
		AFC2B4862806C7CC00630F70 /* DemoCustomView.swift in Sources */ = {isa = PBXBuildFile; fileRef = AFC2B4852806C7CC00630F70 /* DemoCustomView.swift */; };
		AFC2B4892806CB3D00630F70 /* DesignSystem.swift in Sources */ = {isa = PBXBuildFile; fileRef = AFC2B4882806CB3D00630F70 /* DesignSystem.swift */; };
		AFC2B48C2806CF7000630F70 /* String+Card.swift in Sources */ = {isa = PBXBuildFile; fileRef = AFC2B48B2806CF7000630F70 /* String+Card.swift */; };
		AFC2B4CE2806D02800630F70 /* HttpResponse.swift in Sources */ = {isa = PBXBuildFile; fileRef = AFC2B4C12806D02800630F70 /* HttpResponse.swift */; };
		AFC2B4CF2806D02800630F70 /* NetworkRouter.swift in Sources */ = {isa = PBXBuildFile; fileRef = AFC2B4C32806D02800630F70 /* NetworkRouter.swift */; };
		AFC2B4D02806D02800630F70 /* HTTPTask.swift in Sources */ = {isa = PBXBuildFile; fileRef = AFC2B4C42806D02800630F70 /* HTTPTask.swift */; };
		AFC2B4D12806D02800630F70 /* HTTPMethod.swift in Sources */ = {isa = PBXBuildFile; fileRef = AFC2B4C52806D02800630F70 /* HTTPMethod.swift */; };
		AFC2B4D22806D02800630F70 /* EndPointRouter.swift in Sources */ = {isa = PBXBuildFile; fileRef = AFC2B4C62806D02800630F70 /* EndPointRouter.swift */; };
		AFC2B4D32806D02800630F70 /* NetworkError.swift in Sources */ = {isa = PBXBuildFile; fileRef = AFC2B4C72806D02800630F70 /* NetworkError.swift */; };
		AFC2B4D42806D02800630F70 /* EndPointType.swift in Sources */ = {isa = PBXBuildFile; fileRef = AFC2B4C92806D02800630F70 /* EndPointType.swift */; };
		AFC2B4D52806D02800630F70 /* ParameterEncoding.swift in Sources */ = {isa = PBXBuildFile; fileRef = AFC2B4CB2806D02800630F70 /* ParameterEncoding.swift */; };
		AFC2B4D62806D02800630F70 /* URLParameterEncoder.swift in Sources */ = {isa = PBXBuildFile; fileRef = AFC2B4CC2806D02800630F70 /* URLParameterEncoder.swift */; };
		AFC2B4D72806D02800630F70 /* JSONParameterEncoder.swift in Sources */ = {isa = PBXBuildFile; fileRef = AFC2B4CD2806D02800630F70 /* JSONParameterEncoder.swift */; };
		AFC2B4D92806D06B00630F70 /* APIError.swift in Sources */ = {isa = PBXBuildFile; fileRef = AFC2B4D82806D06B00630F70 /* APIError.swift */; };
		AFC2B4DD2806DFBC00630F70 /* Locale.swift in Sources */ = {isa = PBXBuildFile; fileRef = AFC2B4DC2806DFBC00630F70 /* Locale.swift */; };
/* End PBXBuildFile section */

/* Begin PBXFileReference section */
		633392D149B8770AB48629D1 /* Pods-Ioka.release.xcconfig */ = {isa = PBXFileReference; includeInIndex = 1; lastKnownFileType = text.xcconfig; name = "Pods-Ioka.release.xcconfig"; path = "Target Support Files/Pods-Ioka/Pods-Ioka.release.xcconfig"; sourceTree = "<group>"; };
		6D25C1FE28052E5300734E92 /* ru */ = {isa = PBXFileReference; lastKnownFileType = text.plist.strings; name = ru; path = ru.lproj/Main.strings; sourceTree = "<group>"; };
		6D25C1FF28052E5300734E92 /* ru */ = {isa = PBXFileReference; lastKnownFileType = text.plist.strings; name = ru; path = ru.lproj/LaunchScreen.strings; sourceTree = "<group>"; };
		6D7CEE6828336B7900AD4FBD /* IokaDemoApp.entitlements */ = {isa = PBXFileReference; lastKnownFileType = text.plist.entitlements; path = IokaDemoApp.entitlements; sourceTree = "<group>"; };
		6DB0A13B27FBA42C008A8381 /* IokaDemoApp.app */ = {isa = PBXFileReference; explicitFileType = wrapper.application; includeInIndex = 0; path = IokaDemoApp.app; sourceTree = BUILT_PRODUCTS_DIR; };
		6DB0A13E27FBA42C008A8381 /* AppDelegate.swift */ = {isa = PBXFileReference; lastKnownFileType = sourcecode.swift; path = AppDelegate.swift; sourceTree = "<group>"; };
		6DB0A14027FBA42C008A8381 /* SceneDelegate.swift */ = {isa = PBXFileReference; lastKnownFileType = sourcecode.swift; path = SceneDelegate.swift; sourceTree = "<group>"; };
		6DB0A14527FBA42C008A8381 /* Base */ = {isa = PBXFileReference; lastKnownFileType = file.storyboard; name = Base; path = Base.lproj/Main.storyboard; sourceTree = "<group>"; };
		6DB0A14A27FBA42D008A8381 /* Base */ = {isa = PBXFileReference; lastKnownFileType = file.storyboard; name = Base; path = Base.lproj/LaunchScreen.storyboard; sourceTree = "<group>"; };
		6DB0A14C27FBA42D008A8381 /* Info.plist */ = {isa = PBXFileReference; lastKnownFileType = text.plist.xml; path = Info.plist; sourceTree = "<group>"; };
		6DB0A25D27FBA8A1008A8381 /* MainTabBarController.swift */ = {isa = PBXFileReference; fileEncoding = 4; lastKnownFileType = sourcecode.swift; path = MainTabBarController.swift; sourceTree = "<group>"; };
		6DB0A26027FBA8A1008A8381 /* ProfileViewModel.swift */ = {isa = PBXFileReference; fileEncoding = 4; lastKnownFileType = sourcecode.swift; path = ProfileViewModel.swift; sourceTree = "<group>"; };
		6DB0A26227FBA8A1008A8381 /* ProfileView.swift */ = {isa = PBXFileReference; fileEncoding = 4; lastKnownFileType = sourcecode.swift; path = ProfileView.swift; sourceTree = "<group>"; };
		6DB0A26327FBA8A1008A8381 /* LanguageProfileView.swift */ = {isa = PBXFileReference; fileEncoding = 4; lastKnownFileType = sourcecode.swift; path = LanguageProfileView.swift; sourceTree = "<group>"; };
		6DB0A26427FBA8A1008A8381 /* SaveCardProfileView.swift */ = {isa = PBXFileReference; fileEncoding = 4; lastKnownFileType = sourcecode.swift; path = SaveCardProfileView.swift; sourceTree = "<group>"; };
		6DB0A26527FBA8A1008A8381 /* ThemeProfileView.swift */ = {isa = PBXFileReference; fileEncoding = 4; lastKnownFileType = sourcecode.swift; path = ThemeProfileView.swift; sourceTree = "<group>"; };
		6DB0A26727FBA8A1008A8381 /* ProfileViewController.swift */ = {isa = PBXFileReference; fileEncoding = 4; lastKnownFileType = sourcecode.swift; path = ProfileViewController.swift; sourceTree = "<group>"; };
		6DB0A26A27FBA8A1008A8381 /* OrderConfirmationViewModel.swift */ = {isa = PBXFileReference; fileEncoding = 4; lastKnownFileType = sourcecode.swift; path = OrderConfirmationViewModel.swift; sourceTree = "<group>"; };
		6DB0A26C27FBA8A1008A8381 /* OrderConfirmationView.swift */ = {isa = PBXFileReference; fileEncoding = 4; lastKnownFileType = sourcecode.swift; path = OrderConfirmationView.swift; sourceTree = "<group>"; };
		6DB0A26E27FBA8A1008A8381 /* PaymentView.swift */ = {isa = PBXFileReference; fileEncoding = 4; lastKnownFileType = sourcecode.swift; path = PaymentView.swift; sourceTree = "<group>"; };
		6DB0A26F27FBA8A1008A8381 /* OrderInformationView.swift */ = {isa = PBXFileReference; fileEncoding = 4; lastKnownFileType = sourcecode.swift; path = OrderInformationView.swift; sourceTree = "<group>"; };
		6DB0A27127FBA8A1008A8381 /* OrderConfirmationViewController.swift */ = {isa = PBXFileReference; fileEncoding = 4; lastKnownFileType = sourcecode.swift; path = OrderConfirmationViewController.swift; sourceTree = "<group>"; };
		6DB0A27327FBA8A1008A8381 /* DemoAppEndPoint.swift */ = {isa = PBXFileReference; fileEncoding = 4; lastKnownFileType = sourcecode.swift; path = DemoAppEndPoint.swift; sourceTree = "<group>"; };
		6DB0A27427FBA8A1008A8381 /* DemoAppApi.swift */ = {isa = PBXFileReference; fileEncoding = 4; lastKnownFileType = sourcecode.swift; path = DemoAppApi.swift; sourceTree = "<group>"; };
		6DB0A27927FBA8A1008A8381 /* DemoImages.swift */ = {isa = PBXFileReference; fileEncoding = 4; lastKnownFileType = sourcecode.swift; path = DemoImages.swift; sourceTree = "<group>"; };
		6DB0A27B27FBA8A1008A8381 /* GetProfileResponse.swift */ = {isa = PBXFileReference; fileEncoding = 4; lastKnownFileType = sourcecode.swift; path = GetProfileResponse.swift; sourceTree = "<group>"; };
		6DB0A27E27FBA8A1008A8381 /* PaymentTypeViewModel.swift */ = {isa = PBXFileReference; fileEncoding = 4; lastKnownFileType = sourcecode.swift; path = PaymentTypeViewModel.swift; sourceTree = "<group>"; };
		6DB0A28027FBA8A1008A8381 /* PaymentTypeView.swift */ = {isa = PBXFileReference; fileEncoding = 4; lastKnownFileType = sourcecode.swift; path = PaymentTypeView.swift; sourceTree = "<group>"; };
		6DB0A28227FBA8A1008A8381 /* CardPaymentCell.swift */ = {isa = PBXFileReference; fileEncoding = 4; lastKnownFileType = sourcecode.swift; path = CardPaymentCell.swift; sourceTree = "<group>"; };
		6DB0A28327FBA8A1008A8381 /* BankCardView.swift */ = {isa = PBXFileReference; fileEncoding = 4; lastKnownFileType = sourcecode.swift; path = BankCardView.swift; sourceTree = "<group>"; };
		6DB0A28427FBA8A1008A8381 /* PayWithCashView.swift */ = {isa = PBXFileReference; fileEncoding = 4; lastKnownFileType = sourcecode.swift; path = PayWithCashView.swift; sourceTree = "<group>"; };
		6DB0A28527FBA8A1008A8381 /* ApplePayCell.swift */ = {isa = PBXFileReference; fileEncoding = 4; lastKnownFileType = sourcecode.swift; path = ApplePayCell.swift; sourceTree = "<group>"; };
		6DB0A28727FBA8A1008A8381 /* PaymentTypeViewController.swift */ = {isa = PBXFileReference; fileEncoding = 4; lastKnownFileType = sourcecode.swift; path = PaymentTypeViewController.swift; sourceTree = "<group>"; };
		6DB0A2E827FBA8A1008A8381 /* SavedCardsViewModel.swift */ = {isa = PBXFileReference; fileEncoding = 4; lastKnownFileType = sourcecode.swift; path = SavedCardsViewModel.swift; sourceTree = "<group>"; };
		6DB0A2EA27FBA8A1008A8381 /* DemoAppErrorView.swift */ = {isa = PBXFileReference; fileEncoding = 4; lastKnownFileType = sourcecode.swift; path = DemoAppErrorView.swift; sourceTree = "<group>"; };
		6DB0A2EB27FBA8A1008A8381 /* GetCardTableViewCell.swift */ = {isa = PBXFileReference; fileEncoding = 4; lastKnownFileType = sourcecode.swift; path = GetCardTableViewCell.swift; sourceTree = "<group>"; };
		6DB0A2EC27FBA8A1008A8381 /* AddNewCardTableViewCell.swift */ = {isa = PBXFileReference; fileEncoding = 4; lastKnownFileType = sourcecode.swift; path = AddNewCardTableViewCell.swift; sourceTree = "<group>"; };
		6DB0A2EE27FBA8A1008A8381 /* SavedCardsViewController.swift */ = {isa = PBXFileReference; fileEncoding = 4; lastKnownFileType = sourcecode.swift; path = SavedCardsViewController.swift; sourceTree = "<group>"; };
		6DB0A2F127FBA8A1008A8381 /* DeleteSavedCardView.swift */ = {isa = PBXFileReference; fileEncoding = 4; lastKnownFileType = sourcecode.swift; path = DeleteSavedCardView.swift; sourceTree = "<group>"; };
		6DB0A2F327FBA8A1008A8381 /* DeleteSavedCardViewController.swift */ = {isa = PBXFileReference; fileEncoding = 4; lastKnownFileType = sourcecode.swift; path = DeleteSavedCardViewController.swift; sourceTree = "<group>"; };
		6DB0A2F527FBA8A1008A8381 /* CartViewController.swift */ = {isa = PBXFileReference; fileEncoding = 4; lastKnownFileType = sourcecode.swift; path = CartViewController.swift; sourceTree = "<group>"; };
		6DB0A2F627FBA8A1008A8381 /* ProductCell.swift */ = {isa = PBXFileReference; fileEncoding = 4; lastKnownFileType = sourcecode.swift; path = ProductCell.swift; sourceTree = "<group>"; };
		6DB0A2F727FBA8A1008A8381 /* OrderModel.swift */ = {isa = PBXFileReference; fileEncoding = 4; lastKnownFileType = sourcecode.swift; path = OrderModel.swift; sourceTree = "<group>"; };
		6DB0A36627FBAAC6008A8381 /* Assets.xcassets */ = {isa = PBXFileReference; lastKnownFileType = folder.assetcatalog; path = Assets.xcassets; sourceTree = "<group>"; };
		77AA978A5A3F46E3EEC674CE /* Pods-IokaDemoApp.debug.xcconfig */ = {isa = PBXFileReference; includeInIndex = 1; lastKnownFileType = text.xcconfig; name = "Pods-IokaDemoApp.debug.xcconfig"; path = "Target Support Files/Pods-IokaDemoApp/Pods-IokaDemoApp.debug.xcconfig"; sourceTree = "<group>"; };
		7B9FBC502BEB905A430D1692 /* Pods_IokaDemoApp.framework */ = {isa = PBXFileReference; explicitFileType = wrapper.framework; includeInIndex = 0; path = Pods_IokaDemoApp.framework; sourceTree = BUILT_PRODUCTS_DIR; };
		AFC2B47C2806C72200630F70 /* DemoImageVIew.swift */ = {isa = PBXFileReference; lastKnownFileType = sourcecode.swift; path = DemoImageVIew.swift; sourceTree = "<group>"; };
		AFC2B47E2806C73000630F70 /* DemoButton.swift */ = {isa = PBXFileReference; lastKnownFileType = sourcecode.swift; path = DemoButton.swift; sourceTree = "<group>"; };
		AFC2B4812806C7B000630F70 /* UIView+Constraints.swift */ = {isa = PBXFileReference; lastKnownFileType = sourcecode.swift; path = "UIView+Constraints.swift"; sourceTree = "<group>"; };
		AFC2B4832806C7BB00630F70 /* DemoLabel.swift */ = {isa = PBXFileReference; lastKnownFileType = sourcecode.swift; path = DemoLabel.swift; sourceTree = "<group>"; };
		AFC2B4852806C7CC00630F70 /* DemoCustomView.swift */ = {isa = PBXFileReference; lastKnownFileType = sourcecode.swift; path = DemoCustomView.swift; sourceTree = "<group>"; };
		AFC2B4882806CB3D00630F70 /* DesignSystem.swift */ = {isa = PBXFileReference; lastKnownFileType = sourcecode.swift; path = DesignSystem.swift; sourceTree = "<group>"; };
		AFC2B48B2806CF7000630F70 /* String+Card.swift */ = {isa = PBXFileReference; lastKnownFileType = sourcecode.swift; path = "String+Card.swift"; sourceTree = "<group>"; };
		AFC2B4C12806D02800630F70 /* HttpResponse.swift */ = {isa = PBXFileReference; fileEncoding = 4; lastKnownFileType = sourcecode.swift; path = HttpResponse.swift; sourceTree = "<group>"; };
		AFC2B4C32806D02800630F70 /* NetworkRouter.swift */ = {isa = PBXFileReference; fileEncoding = 4; lastKnownFileType = sourcecode.swift; path = NetworkRouter.swift; sourceTree = "<group>"; };
		AFC2B4C42806D02800630F70 /* HTTPTask.swift */ = {isa = PBXFileReference; fileEncoding = 4; lastKnownFileType = sourcecode.swift; path = HTTPTask.swift; sourceTree = "<group>"; };
		AFC2B4C52806D02800630F70 /* HTTPMethod.swift */ = {isa = PBXFileReference; fileEncoding = 4; lastKnownFileType = sourcecode.swift; path = HTTPMethod.swift; sourceTree = "<group>"; };
		AFC2B4C62806D02800630F70 /* EndPointRouter.swift */ = {isa = PBXFileReference; fileEncoding = 4; lastKnownFileType = sourcecode.swift; path = EndPointRouter.swift; sourceTree = "<group>"; };
		AFC2B4C72806D02800630F70 /* NetworkError.swift */ = {isa = PBXFileReference; fileEncoding = 4; lastKnownFileType = sourcecode.swift; path = NetworkError.swift; sourceTree = "<group>"; };
		AFC2B4C92806D02800630F70 /* EndPointType.swift */ = {isa = PBXFileReference; fileEncoding = 4; lastKnownFileType = sourcecode.swift; path = EndPointType.swift; sourceTree = "<group>"; };
		AFC2B4CB2806D02800630F70 /* ParameterEncoding.swift */ = {isa = PBXFileReference; fileEncoding = 4; lastKnownFileType = sourcecode.swift; path = ParameterEncoding.swift; sourceTree = "<group>"; };
		AFC2B4CC2806D02800630F70 /* URLParameterEncoder.swift */ = {isa = PBXFileReference; fileEncoding = 4; lastKnownFileType = sourcecode.swift; path = URLParameterEncoder.swift; sourceTree = "<group>"; };
		AFC2B4CD2806D02800630F70 /* JSONParameterEncoder.swift */ = {isa = PBXFileReference; fileEncoding = 4; lastKnownFileType = sourcecode.swift; path = JSONParameterEncoder.swift; sourceTree = "<group>"; };
		AFC2B4D82806D06B00630F70 /* APIError.swift */ = {isa = PBXFileReference; lastKnownFileType = sourcecode.swift; path = APIError.swift; sourceTree = "<group>"; };
		AFC2B4DC2806DFBC00630F70 /* Locale.swift */ = {isa = PBXFileReference; lastKnownFileType = sourcecode.swift; path = Locale.swift; sourceTree = "<group>"; };
		C7564E327C85F840A571237A /* Pods-IokaDemoApp.release.xcconfig */ = {isa = PBXFileReference; includeInIndex = 1; lastKnownFileType = text.xcconfig; name = "Pods-IokaDemoApp.release.xcconfig"; path = "Target Support Files/Pods-IokaDemoApp/Pods-IokaDemoApp.release.xcconfig"; sourceTree = "<group>"; };
		E5974F83709F511B171F3DCE /* Pods-Ioka.debug.xcconfig */ = {isa = PBXFileReference; includeInIndex = 1; lastKnownFileType = text.xcconfig; name = "Pods-Ioka.debug.xcconfig"; path = "Target Support Files/Pods-Ioka/Pods-Ioka.debug.xcconfig"; sourceTree = "<group>"; };
/* End PBXFileReference section */

/* Begin PBXFrameworksBuildPhase section */
		6DB0A13827FBA42C008A8381 /* Frameworks */ = {
			isa = PBXFrameworksBuildPhase;
			buildActionMask = 2147483647;
			files = (
				24BC3CC94587BDBD53C5FCC5 /* Pods_IokaDemoApp.framework in Frameworks */,
			);
			runOnlyForDeploymentPostprocessing = 0;
		};
/* End PBXFrameworksBuildPhase section */

/* Begin PBXGroup section */
		65B0E9B4428AE1AD309DF767 /* Pods */ = {
			isa = PBXGroup;
			children = (
				E5974F83709F511B171F3DCE /* Pods-Ioka.debug.xcconfig */,
				633392D149B8770AB48629D1 /* Pods-Ioka.release.xcconfig */,
				77AA978A5A3F46E3EEC674CE /* Pods-IokaDemoApp.debug.xcconfig */,
				C7564E327C85F840A571237A /* Pods-IokaDemoApp.release.xcconfig */,
			);
			path = Pods;
			sourceTree = "<group>";
		};
		6DB0A13227FBA42C008A8381 = {
			isa = PBXGroup;
			children = (
				6D7CEE6828336B7900AD4FBD /* IokaDemoApp.entitlements */,
				6DB0A13D27FBA42C008A8381 /* Ioka */,
				6DB0A13C27FBA42C008A8381 /* Products */,
				65B0E9B4428AE1AD309DF767 /* Pods */,
				FD9BED19954F11A3CC74EFF4 /* Frameworks */,
			);
			sourceTree = "<group>";
		};
		6DB0A13C27FBA42C008A8381 /* Products */ = {
			isa = PBXGroup;
			children = (
				6DB0A13B27FBA42C008A8381 /* IokaDemoApp.app */,
			);
			name = Products;
			sourceTree = "<group>";
		};
		6DB0A13D27FBA42C008A8381 /* Ioka */ = {
			isa = PBXGroup;
			children = (
				6DB0A13E27FBA42C008A8381 /* AppDelegate.swift */,
				6DB0A14027FBA42C008A8381 /* SceneDelegate.swift */,
				6DB0A25C27FBA8A1008A8381 /* TabBar */,
				6DB0A2F427FBA8A1008A8381 /* Cart */,
				6DB0A2EF27FBA8A1008A8381 /* DeleteSavedCard */,
				6DB0A27227FBA8A1008A8381 /* DemoAppNetworking */,
				6DB0A27527FBA8A1008A8381 /* Helpers */,
				6DB0A27A27FBA8A1008A8381 /* Models */,
				6DB0A26827FBA8A1008A8381 /* OrderConfirmation */,
				6DB0A27C27FBA8A1008A8381 /* PaymentType */,
				6DB0A25E27FBA8A1008A8381 /* Profile */,
				6DB0A2E627FBA8A1008A8381 /* SavedCards */,
				6DB0A14427FBA42C008A8381 /* Main.storyboard */,
				6DB0A36627FBAAC6008A8381 /* Assets.xcassets */,
				6DB0A14927FBA42D008A8381 /* LaunchScreen.storyboard */,
				6DB0A14C27FBA42D008A8381 /* Info.plist */,
			);
			path = Ioka;
			sourceTree = "<group>";
		};
		6DB0A25C27FBA8A1008A8381 /* TabBar */ = {
			isa = PBXGroup;
			children = (
				6DB0A25D27FBA8A1008A8381 /* MainTabBarController.swift */,
			);
			path = TabBar;
			sourceTree = "<group>";
		};
		6DB0A25E27FBA8A1008A8381 /* Profile */ = {
			isa = PBXGroup;
			children = (
				6DB0A25F27FBA8A1008A8381 /* ViewModel */,
				6DB0A26127FBA8A1008A8381 /* View */,
				6DB0A26627FBA8A1008A8381 /* ViewController */,
			);
			path = Profile;
			sourceTree = "<group>";
		};
		6DB0A25F27FBA8A1008A8381 /* ViewModel */ = {
			isa = PBXGroup;
			children = (
				6DB0A26027FBA8A1008A8381 /* ProfileViewModel.swift */,
			);
			path = ViewModel;
			sourceTree = "<group>";
		};
		6DB0A26127FBA8A1008A8381 /* View */ = {
			isa = PBXGroup;
			children = (
				6DB0A26227FBA8A1008A8381 /* ProfileView.swift */,
				6DB0A26327FBA8A1008A8381 /* LanguageProfileView.swift */,
				6DB0A26427FBA8A1008A8381 /* SaveCardProfileView.swift */,
				6DB0A26527FBA8A1008A8381 /* ThemeProfileView.swift */,
			);
			path = View;
			sourceTree = "<group>";
		};
		6DB0A26627FBA8A1008A8381 /* ViewController */ = {
			isa = PBXGroup;
			children = (
				6DB0A26727FBA8A1008A8381 /* ProfileViewController.swift */,
			);
			path = ViewController;
			sourceTree = "<group>";
		};
		6DB0A26827FBA8A1008A8381 /* OrderConfirmation */ = {
			isa = PBXGroup;
			children = (
				6DB0A26927FBA8A1008A8381 /* ViewModel */,
				6DB0A26B27FBA8A1008A8381 /* View */,
				6DB0A27027FBA8A1008A8381 /* ViewController */,
			);
			path = OrderConfirmation;
			sourceTree = "<group>";
		};
		6DB0A26927FBA8A1008A8381 /* ViewModel */ = {
			isa = PBXGroup;
			children = (
				6DB0A26A27FBA8A1008A8381 /* OrderConfirmationViewModel.swift */,
			);
			path = ViewModel;
			sourceTree = "<group>";
		};
		6DB0A26B27FBA8A1008A8381 /* View */ = {
			isa = PBXGroup;
			children = (
				6DB0A26C27FBA8A1008A8381 /* OrderConfirmationView.swift */,
				6DB0A26D27FBA8A1008A8381 /* HelperViews */,
			);
			path = View;
			sourceTree = "<group>";
		};
		6DB0A26D27FBA8A1008A8381 /* HelperViews */ = {
			isa = PBXGroup;
			children = (
				6DB0A26E27FBA8A1008A8381 /* PaymentView.swift */,
				6DB0A26F27FBA8A1008A8381 /* OrderInformationView.swift */,
			);
			path = HelperViews;
			sourceTree = "<group>";
		};
		6DB0A27027FBA8A1008A8381 /* ViewController */ = {
			isa = PBXGroup;
			children = (
				6DB0A27127FBA8A1008A8381 /* OrderConfirmationViewController.swift */,
			);
			path = ViewController;
			sourceTree = "<group>";
		};
		6DB0A27227FBA8A1008A8381 /* DemoAppNetworking */ = {
			isa = PBXGroup;
			children = (
				6DB0A27327FBA8A1008A8381 /* DemoAppEndPoint.swift */,
				6DB0A27427FBA8A1008A8381 /* DemoAppApi.swift */,
				AFC2B4D82806D06B00630F70 /* APIError.swift */,
			);
			path = DemoAppNetworking;
			sourceTree = "<group>";
		};
		6DB0A27527FBA8A1008A8381 /* Helpers */ = {
			isa = PBXGroup;
			children = (
				AFC2B4DB2806DF9000630F70 /* Localization */,
				AFC2B48D2806CFC500630F70 /* Network */,
				AFC2B48A2806CF6000630F70 /* Extensions */,
				AFC2B4872806CB2F00630F70 /* DesignSystem */,
				AFC2B47B2806C6FE00630F70 /* Components */,
				6DB0A27827FBA8A1008A8381 /* DemoAppImages */,
			);
			path = Helpers;
			sourceTree = "<group>";
		};
		6DB0A27827FBA8A1008A8381 /* DemoAppImages */ = {
			isa = PBXGroup;
			children = (
				6DB0A27927FBA8A1008A8381 /* DemoImages.swift */,
			);
			path = DemoAppImages;
			sourceTree = "<group>";
		};
		6DB0A27A27FBA8A1008A8381 /* Models */ = {
			isa = PBXGroup;
			children = (
				6DB0A27B27FBA8A1008A8381 /* GetProfileResponse.swift */,
			);
			path = Models;
			sourceTree = "<group>";
		};
		6DB0A27C27FBA8A1008A8381 /* PaymentType */ = {
			isa = PBXGroup;
			children = (
				6DB0A27D27FBA8A1008A8381 /* ViewModel */,
				6DB0A27F27FBA8A1008A8381 /* View */,
				6DB0A28627FBA8A1008A8381 /* ViewController */,
			);
			path = PaymentType;
			sourceTree = "<group>";
		};
		6DB0A27D27FBA8A1008A8381 /* ViewModel */ = {
			isa = PBXGroup;
			children = (
				6DB0A27E27FBA8A1008A8381 /* PaymentTypeViewModel.swift */,
			);
			path = ViewModel;
			sourceTree = "<group>";
		};
		6DB0A27F27FBA8A1008A8381 /* View */ = {
			isa = PBXGroup;
			children = (
				6DB0A28027FBA8A1008A8381 /* PaymentTypeView.swift */,
				6DB0A28127FBA8A1008A8381 /* HelperViews */,
			);
			path = View;
			sourceTree = "<group>";
		};
		6DB0A28127FBA8A1008A8381 /* HelperViews */ = {
			isa = PBXGroup;
			children = (
				6DB0A28227FBA8A1008A8381 /* CardPaymentCell.swift */,
				6DB0A28327FBA8A1008A8381 /* BankCardView.swift */,
				6DB0A28427FBA8A1008A8381 /* PayWithCashView.swift */,
				6DB0A28527FBA8A1008A8381 /* ApplePayCell.swift */,
			);
			path = HelperViews;
			sourceTree = "<group>";
		};
		6DB0A28627FBA8A1008A8381 /* ViewController */ = {
			isa = PBXGroup;
			children = (
				6DB0A28727FBA8A1008A8381 /* PaymentTypeViewController.swift */,
			);
			path = ViewController;
			sourceTree = "<group>";
		};
		6DB0A2E627FBA8A1008A8381 /* SavedCards */ = {
			isa = PBXGroup;
			children = (
				6DB0A2E727FBA8A1008A8381 /* ViewModel */,
				6DB0A2E927FBA8A1008A8381 /* View */,
				6DB0A2ED27FBA8A1008A8381 /* ViewController */,
			);
			path = SavedCards;
			sourceTree = "<group>";
		};
		6DB0A2E727FBA8A1008A8381 /* ViewModel */ = {
			isa = PBXGroup;
			children = (
				6DB0A2E827FBA8A1008A8381 /* SavedCardsViewModel.swift */,
			);
			path = ViewModel;
			sourceTree = "<group>";
		};
		6DB0A2E927FBA8A1008A8381 /* View */ = {
			isa = PBXGroup;
			children = (
				6DB0A2EA27FBA8A1008A8381 /* DemoAppErrorView.swift */,
				6DB0A2EB27FBA8A1008A8381 /* GetCardTableViewCell.swift */,
				6DB0A2EC27FBA8A1008A8381 /* AddNewCardTableViewCell.swift */,
			);
			path = View;
			sourceTree = "<group>";
		};
		6DB0A2ED27FBA8A1008A8381 /* ViewController */ = {
			isa = PBXGroup;
			children = (
				6DB0A2EE27FBA8A1008A8381 /* SavedCardsViewController.swift */,
			);
			path = ViewController;
			sourceTree = "<group>";
		};
		6DB0A2EF27FBA8A1008A8381 /* DeleteSavedCard */ = {
			isa = PBXGroup;
			children = (
				6DB0A2F027FBA8A1008A8381 /* View */,
				6DB0A2F227FBA8A1008A8381 /* ViewController */,
			);
			path = DeleteSavedCard;
			sourceTree = "<group>";
		};
		6DB0A2F027FBA8A1008A8381 /* View */ = {
			isa = PBXGroup;
			children = (
				6DB0A2F127FBA8A1008A8381 /* DeleteSavedCardView.swift */,
			);
			path = View;
			sourceTree = "<group>";
		};
		6DB0A2F227FBA8A1008A8381 /* ViewController */ = {
			isa = PBXGroup;
			children = (
				6DB0A2F327FBA8A1008A8381 /* DeleteSavedCardViewController.swift */,
			);
			path = ViewController;
			sourceTree = "<group>";
		};
		6DB0A2F427FBA8A1008A8381 /* Cart */ = {
			isa = PBXGroup;
			children = (
				6DB0A2F527FBA8A1008A8381 /* CartViewController.swift */,
				6DB0A2F627FBA8A1008A8381 /* ProductCell.swift */,
				6DB0A2F727FBA8A1008A8381 /* OrderModel.swift */,
			);
			path = Cart;
			sourceTree = "<group>";
		};
		AFC2B47B2806C6FE00630F70 /* Components */ = {
			isa = PBXGroup;
			children = (
				AFC2B47C2806C72200630F70 /* DemoImageVIew.swift */,
				AFC2B47E2806C73000630F70 /* DemoButton.swift */,
				AFC2B4832806C7BB00630F70 /* DemoLabel.swift */,
				AFC2B4852806C7CC00630F70 /* DemoCustomView.swift */,
			);
			path = Components;
			sourceTree = "<group>";
		};
		AFC2B4872806CB2F00630F70 /* DesignSystem */ = {
			isa = PBXGroup;
			children = (
				AFC2B4882806CB3D00630F70 /* DesignSystem.swift */,
			);
			path = DesignSystem;
			sourceTree = "<group>";
		};
		AFC2B48A2806CF6000630F70 /* Extensions */ = {
			isa = PBXGroup;
			children = (
				AFC2B48B2806CF7000630F70 /* String+Card.swift */,
				AFC2B4812806C7B000630F70 /* UIView+Constraints.swift */,
			);
			path = Extensions;
			sourceTree = "<group>";
		};
		AFC2B48D2806CFC500630F70 /* Network */ = {
			isa = PBXGroup;
			children = (
				AFC2B4CA2806D02800630F70 /* Encoding */,
				AFC2B4C82806D02800630F70 /* EndPoint */,
				AFC2B4C02806D02800630F70 /* HTTPResponse */,
				AFC2B4C22806D02800630F70 /* Service */,
			);
			path = Network;
			sourceTree = "<group>";
		};
		AFC2B4C02806D02800630F70 /* HTTPResponse */ = {
			isa = PBXGroup;
			children = (
				AFC2B4C12806D02800630F70 /* HttpResponse.swift */,
			);
			path = HTTPResponse;
			sourceTree = "<group>";
		};
		AFC2B4C22806D02800630F70 /* Service */ = {
			isa = PBXGroup;
			children = (
				AFC2B4C32806D02800630F70 /* NetworkRouter.swift */,
				AFC2B4C42806D02800630F70 /* HTTPTask.swift */,
				AFC2B4C52806D02800630F70 /* HTTPMethod.swift */,
				AFC2B4C62806D02800630F70 /* EndPointRouter.swift */,
				AFC2B4C72806D02800630F70 /* NetworkError.swift */,
			);
			path = Service;
			sourceTree = "<group>";
		};
		AFC2B4C82806D02800630F70 /* EndPoint */ = {
			isa = PBXGroup;
			children = (
				AFC2B4C92806D02800630F70 /* EndPointType.swift */,
			);
			path = EndPoint;
			sourceTree = "<group>";
		};
		AFC2B4CA2806D02800630F70 /* Encoding */ = {
			isa = PBXGroup;
			children = (
				AFC2B4CB2806D02800630F70 /* ParameterEncoding.swift */,
				AFC2B4CC2806D02800630F70 /* URLParameterEncoder.swift */,
				AFC2B4CD2806D02800630F70 /* JSONParameterEncoder.swift */,
			);
			path = Encoding;
			sourceTree = "<group>";
		};
		AFC2B4DB2806DF9000630F70 /* Localization */ = {
			isa = PBXGroup;
			children = (
				AFC2B4DC2806DFBC00630F70 /* Locale.swift */,
			);
			path = Localization;
			sourceTree = "<group>";
		};
		FD9BED19954F11A3CC74EFF4 /* Frameworks */ = {
			isa = PBXGroup;
			children = (
				7B9FBC502BEB905A430D1692 /* Pods_IokaDemoApp.framework */,
			);
			name = Frameworks;
			sourceTree = "<group>";
		};
/* End PBXGroup section */

/* Begin PBXNativeTarget section */
		6DB0A13A27FBA42C008A8381 /* IokaDemoApp */ = {
			isa = PBXNativeTarget;
			buildConfigurationList = 6DB0A14F27FBA42D008A8381 /* Build configuration list for PBXNativeTarget "IokaDemoApp" */;
			buildPhases = (
				25071F76A385F2B850B0A067 /* [CP] Check Pods Manifest.lock */,
				6DB0A13727FBA42C008A8381 /* Sources */,
				6DB0A13827FBA42C008A8381 /* Frameworks */,
				6DB0A13927FBA42C008A8381 /* Resources */,
				225A5C0FCDCC4FF1C2D0378A /* [CP] Embed Pods Frameworks */,
			);
			buildRules = (
			);
			dependencies = (
			);
			name = IokaDemoApp;
			productName = Ioka;
			productReference = 6DB0A13B27FBA42C008A8381 /* IokaDemoApp.app */;
			productType = "com.apple.product-type.application";
		};
/* End PBXNativeTarget section */

/* Begin PBXProject section */
		6DB0A13327FBA42C008A8381 /* Project object */ = {
			isa = PBXProject;
			attributes = {
				BuildIndependentTargetsInParallel = 1;
				LastSwiftUpdateCheck = 1310;
				LastUpgradeCheck = 1310;
				TargetAttributes = {
					6DB0A13A27FBA42C008A8381 = {
						CreatedOnToolsVersion = 13.1;
					};
				};
			};
			buildConfigurationList = 6DB0A13627FBA42C008A8381 /* Build configuration list for PBXProject "IokaDemoApp" */;
			compatibilityVersion = "Xcode 13.0";
			developmentRegion = en;
			hasScannedForEncodings = 0;
			knownRegions = (
				en,
				Base,
				kk,
				ru,
			);
			mainGroup = 6DB0A13227FBA42C008A8381;
			productRefGroup = 6DB0A13C27FBA42C008A8381 /* Products */;
			projectDirPath = "";
			projectRoot = "";
			targets = (
				6DB0A13A27FBA42C008A8381 /* IokaDemoApp */,
			);
		};
/* End PBXProject section */

/* Begin PBXResourcesBuildPhase section */
		6DB0A13927FBA42C008A8381 /* Resources */ = {
			isa = PBXResourcesBuildPhase;
			buildActionMask = 2147483647;
			files = (
				6DB0A14B27FBA42D008A8381 /* LaunchScreen.storyboard in Resources */,
				6DB0A36727FBAAC6008A8381 /* Assets.xcassets in Resources */,
				6DB0A14627FBA42C008A8381 /* Main.storyboard in Resources */,
			);
			runOnlyForDeploymentPostprocessing = 0;
		};
/* End PBXResourcesBuildPhase section */

/* Begin PBXShellScriptBuildPhase section */
		225A5C0FCDCC4FF1C2D0378A /* [CP] Embed Pods Frameworks */ = {
			isa = PBXShellScriptBuildPhase;
			buildActionMask = 2147483647;
			files = (
			);
			inputFileListPaths = (
				"${PODS_ROOT}/Target Support Files/Pods-IokaDemoApp/Pods-IokaDemoApp-frameworks-${CONFIGURATION}-input-files.xcfilelist",
			);
			name = "[CP] Embed Pods Frameworks";
			outputFileListPaths = (
				"${PODS_ROOT}/Target Support Files/Pods-IokaDemoApp/Pods-IokaDemoApp-frameworks-${CONFIGURATION}-output-files.xcfilelist",
			);
			runOnlyForDeploymentPostprocessing = 0;
			shellPath = /bin/sh;
			shellScript = "\"${PODS_ROOT}/Target Support Files/Pods-IokaDemoApp/Pods-IokaDemoApp-frameworks.sh\"\n";
			showEnvVarsInLog = 0;
		};
		25071F76A385F2B850B0A067 /* [CP] Check Pods Manifest.lock */ = {
			isa = PBXShellScriptBuildPhase;
			buildActionMask = 2147483647;
			files = (
			);
			inputFileListPaths = (
			);
			inputPaths = (
				"${PODS_PODFILE_DIR_PATH}/Podfile.lock",
				"${PODS_ROOT}/Manifest.lock",
			);
			name = "[CP] Check Pods Manifest.lock";
			outputFileListPaths = (
			);
			outputPaths = (
				"$(DERIVED_FILE_DIR)/Pods-IokaDemoApp-checkManifestLockResult.txt",
			);
			runOnlyForDeploymentPostprocessing = 0;
			shellPath = /bin/sh;
			shellScript = "diff \"${PODS_PODFILE_DIR_PATH}/Podfile.lock\" \"${PODS_ROOT}/Manifest.lock\" > /dev/null\nif [ $? != 0 ] ; then\n    # print error to STDERR\n    echo \"error: The sandbox is not in sync with the Podfile.lock. Run 'pod install' or update your CocoaPods installation.\" >&2\n    exit 1\nfi\n# This output is used by Xcode 'outputs' to avoid re-running this script phase.\necho \"SUCCESS\" > \"${SCRIPT_OUTPUT_FILE_0}\"\n";
			showEnvVarsInLog = 0;
		};
/* End PBXShellScriptBuildPhase section */

/* Begin PBXSourcesBuildPhase section */
		6DB0A13727FBA42C008A8381 /* Sources */ = {
			isa = PBXSourcesBuildPhase;
			buildActionMask = 2147483647;
			files = (
				6DB0A2FB27FBA8A1008A8381 /* LanguageProfileView.swift in Sources */,
				AFC2B4CF2806D02800630F70 /* NetworkRouter.swift in Sources */,
				6DB0A2FC27FBA8A1008A8381 /* SaveCardProfileView.swift in Sources */,
				6DB0A36027FBA8A2008A8381 /* DeleteSavedCardViewController.swift in Sources */,
				AFC2B4D72806D02800630F70 /* JSONParameterEncoder.swift in Sources */,
				AFC2B4822806C7B000630F70 /* UIView+Constraints.swift in Sources */,
				6DB0A2FE27FBA8A1008A8381 /* ProfileViewController.swift in Sources */,
				6DB0A35E27FBA8A2008A8381 /* SavedCardsViewController.swift in Sources */,
				6DB0A30827FBA8A1008A8381 /* GetProfileResponse.swift in Sources */,
				6DB0A35C27FBA8A2008A8381 /* GetCardTableViewCell.swift in Sources */,
				6DB0A30527FBA8A1008A8381 /* DemoAppApi.swift in Sources */,
				6DB0A35F27FBA8A2008A8381 /* DeleteSavedCardView.swift in Sources */,
				6DB0A30E27FBA8A1008A8381 /* ApplePayCell.swift in Sources */,
				6DB0A35D27FBA8A2008A8381 /* AddNewCardTableViewCell.swift in Sources */,
				6DB0A35B27FBA8A2008A8381 /* DemoAppErrorView.swift in Sources */,
				6DB0A2FF27FBA8A1008A8381 /* OrderConfirmationViewModel.swift in Sources */,
				6DB0A30D27FBA8A1008A8381 /* PayWithCashView.swift in Sources */,
				6DB0A36327FBA8A2008A8381 /* OrderModel.swift in Sources */,
				6DB0A30327FBA8A1008A8381 /* OrderConfirmationViewController.swift in Sources */,
				6DB0A35A27FBA8A2008A8381 /* SavedCardsViewModel.swift in Sources */,
				6DB0A36127FBA8A2008A8381 /* CartViewController.swift in Sources */,
				AFC2B4D22806D02800630F70 /* EndPointRouter.swift in Sources */,
				AFC2B4D12806D02800630F70 /* HTTPMethod.swift in Sources */,
				AFC2B4862806C7CC00630F70 /* DemoCustomView.swift in Sources */,
				AFC2B4D02806D02800630F70 /* HTTPTask.swift in Sources */,
				AFC2B4CE2806D02800630F70 /* HttpResponse.swift in Sources */,
				AFC2B48C2806CF7000630F70 /* String+Card.swift in Sources */,
				6DB0A13F27FBA42C008A8381 /* AppDelegate.swift in Sources */,
				AFC2B4D92806D06B00630F70 /* APIError.swift in Sources */,
				6DB0A30427FBA8A1008A8381 /* DemoAppEndPoint.swift in Sources */,
				6DB0A30227FBA8A1008A8381 /* OrderInformationView.swift in Sources */,
				AFC2B4D62806D02800630F70 /* URLParameterEncoder.swift in Sources */,
				6DB0A36227FBA8A2008A8381 /* ProductCell.swift in Sources */,
				6DB0A2FD27FBA8A1008A8381 /* ThemeProfileView.swift in Sources */,
				AFC2B47F2806C73000630F70 /* DemoButton.swift in Sources */,
				6DB0A30F27FBA8A1008A8381 /* PaymentTypeViewController.swift in Sources */,
				AFC2B4D32806D02800630F70 /* NetworkError.swift in Sources */,
				AFC2B4892806CB3D00630F70 /* DesignSystem.swift in Sources */,
				6DB0A30127FBA8A1008A8381 /* PaymentView.swift in Sources */,
				6DB0A2F827FBA8A1008A8381 /* MainTabBarController.swift in Sources */,
				6DB0A14127FBA42C008A8381 /* SceneDelegate.swift in Sources */,
				6DB0A30727FBA8A1008A8381 /* DemoImages.swift in Sources */,
				6DB0A30A27FBA8A1008A8381 /* PaymentTypeView.swift in Sources */,
				6DB0A2FA27FBA8A1008A8381 /* ProfileView.swift in Sources */,
				AFC2B4D42806D02800630F70 /* EndPointType.swift in Sources */,
				AFC2B4D52806D02800630F70 /* ParameterEncoding.swift in Sources */,
				6DB0A30927FBA8A1008A8381 /* PaymentTypeViewModel.swift in Sources */,
				AFC2B4DD2806DFBC00630F70 /* Locale.swift in Sources */,
				6DB0A30B27FBA8A1008A8381 /* CardPaymentCell.swift in Sources */,
				6DB0A30027FBA8A1008A8381 /* OrderConfirmationView.swift in Sources */,
				AFC2B47D2806C72200630F70 /* DemoImageVIew.swift in Sources */,
				6DB0A30C27FBA8A1008A8381 /* BankCardView.swift in Sources */,
				6DB0A2F927FBA8A1008A8381 /* ProfileViewModel.swift in Sources */,
				AFC2B4842806C7BB00630F70 /* DemoLabel.swift in Sources */,
			);
			runOnlyForDeploymentPostprocessing = 0;
		};
/* End PBXSourcesBuildPhase section */

/* Begin PBXVariantGroup section */
		6DB0A14427FBA42C008A8381 /* Main.storyboard */ = {
			isa = PBXVariantGroup;
			children = (
				6DB0A14527FBA42C008A8381 /* Base */,
				6D25C1FE28052E5300734E92 /* ru */,
			);
			name = Main.storyboard;
			sourceTree = "<group>";
		};
		6DB0A14927FBA42D008A8381 /* LaunchScreen.storyboard */ = {
			isa = PBXVariantGroup;
			children = (
				6DB0A14A27FBA42D008A8381 /* Base */,
				6D25C1FF28052E5300734E92 /* ru */,
			);
			name = LaunchScreen.storyboard;
			sourceTree = "<group>";
		};
/* End PBXVariantGroup section */

/* Begin XCBuildConfiguration section */
		6DB0A14D27FBA42D008A8381 /* Debug */ = {
			isa = XCBuildConfiguration;
			buildSettings = {
				ALWAYS_SEARCH_USER_PATHS = NO;
				CLANG_ANALYZER_LOCALIZABILITY_NONLOCALIZED = YES;
				CLANG_ANALYZER_NONNULL = YES;
				CLANG_ANALYZER_NUMBER_OBJECT_CONVERSION = YES_AGGRESSIVE;
				CLANG_CXX_LANGUAGE_STANDARD = "gnu++17";
				CLANG_CXX_LIBRARY = "libc++";
				CLANG_ENABLE_MODULES = YES;
				CLANG_ENABLE_OBJC_ARC = YES;
				CLANG_ENABLE_OBJC_WEAK = YES;
				CLANG_WARN_BLOCK_CAPTURE_AUTORELEASING = YES;
				CLANG_WARN_BOOL_CONVERSION = YES;
				CLANG_WARN_COMMA = YES;
				CLANG_WARN_CONSTANT_CONVERSION = YES;
				CLANG_WARN_DEPRECATED_OBJC_IMPLEMENTATIONS = YES;
				CLANG_WARN_DIRECT_OBJC_ISA_USAGE = YES_ERROR;
				CLANG_WARN_DOCUMENTATION_COMMENTS = YES;
				CLANG_WARN_EMPTY_BODY = YES;
				CLANG_WARN_ENUM_CONVERSION = YES;
				CLANG_WARN_INFINITE_RECURSION = YES;
				CLANG_WARN_INT_CONVERSION = YES;
				CLANG_WARN_NON_LITERAL_NULL_CONVERSION = YES;
				CLANG_WARN_OBJC_IMPLICIT_RETAIN_SELF = YES;
				CLANG_WARN_OBJC_LITERAL_CONVERSION = YES;
				CLANG_WARN_OBJC_ROOT_CLASS = YES_ERROR;
				CLANG_WARN_QUOTED_INCLUDE_IN_FRAMEWORK_HEADER = YES;
				CLANG_WARN_RANGE_LOOP_ANALYSIS = YES;
				CLANG_WARN_STRICT_PROTOTYPES = YES;
				CLANG_WARN_SUSPICIOUS_MOVE = YES;
				CLANG_WARN_UNGUARDED_AVAILABILITY = YES_AGGRESSIVE;
				CLANG_WARN_UNREACHABLE_CODE = YES;
				CLANG_WARN__DUPLICATE_METHOD_MATCH = YES;
				COPY_PHASE_STRIP = NO;
				DEBUG_INFORMATION_FORMAT = dwarf;
				ENABLE_STRICT_OBJC_MSGSEND = YES;
				ENABLE_TESTABILITY = YES;
				GCC_C_LANGUAGE_STANDARD = gnu11;
				GCC_DYNAMIC_NO_PIC = NO;
				GCC_NO_COMMON_BLOCKS = YES;
				GCC_OPTIMIZATION_LEVEL = 0;
				GCC_PREPROCESSOR_DEFINITIONS = (
					"DEBUG=1",
					"$(inherited)",
				);
				GCC_WARN_64_TO_32_BIT_CONVERSION = YES;
				GCC_WARN_ABOUT_RETURN_TYPE = YES_ERROR;
				GCC_WARN_UNDECLARED_SELECTOR = YES;
				GCC_WARN_UNINITIALIZED_AUTOS = YES_AGGRESSIVE;
				GCC_WARN_UNUSED_FUNCTION = YES;
				GCC_WARN_UNUSED_VARIABLE = YES;
				IPHONEOS_DEPLOYMENT_TARGET = 15.0;
				MTL_ENABLE_DEBUG_INFO = INCLUDE_SOURCE;
				MTL_FAST_MATH = YES;
				ONLY_ACTIVE_ARCH = YES;
				SDKROOT = iphoneos;
				SWIFT_ACTIVE_COMPILATION_CONDITIONS = DEBUG;
				SWIFT_OPTIMIZATION_LEVEL = "-Onone";
			};
			name = Debug;
		};
		6DB0A14E27FBA42D008A8381 /* Release */ = {
			isa = XCBuildConfiguration;
			buildSettings = {
				ALWAYS_SEARCH_USER_PATHS = NO;
				CLANG_ANALYZER_LOCALIZABILITY_NONLOCALIZED = YES;
				CLANG_ANALYZER_NONNULL = YES;
				CLANG_ANALYZER_NUMBER_OBJECT_CONVERSION = YES_AGGRESSIVE;
				CLANG_CXX_LANGUAGE_STANDARD = "gnu++17";
				CLANG_CXX_LIBRARY = "libc++";
				CLANG_ENABLE_MODULES = YES;
				CLANG_ENABLE_OBJC_ARC = YES;
				CLANG_ENABLE_OBJC_WEAK = YES;
				CLANG_WARN_BLOCK_CAPTURE_AUTORELEASING = YES;
				CLANG_WARN_BOOL_CONVERSION = YES;
				CLANG_WARN_COMMA = YES;
				CLANG_WARN_CONSTANT_CONVERSION = YES;
				CLANG_WARN_DEPRECATED_OBJC_IMPLEMENTATIONS = YES;
				CLANG_WARN_DIRECT_OBJC_ISA_USAGE = YES_ERROR;
				CLANG_WARN_DOCUMENTATION_COMMENTS = YES;
				CLANG_WARN_EMPTY_BODY = YES;
				CLANG_WARN_ENUM_CONVERSION = YES;
				CLANG_WARN_INFINITE_RECURSION = YES;
				CLANG_WARN_INT_CONVERSION = YES;
				CLANG_WARN_NON_LITERAL_NULL_CONVERSION = YES;
				CLANG_WARN_OBJC_IMPLICIT_RETAIN_SELF = YES;
				CLANG_WARN_OBJC_LITERAL_CONVERSION = YES;
				CLANG_WARN_OBJC_ROOT_CLASS = YES_ERROR;
				CLANG_WARN_QUOTED_INCLUDE_IN_FRAMEWORK_HEADER = YES;
				CLANG_WARN_RANGE_LOOP_ANALYSIS = YES;
				CLANG_WARN_STRICT_PROTOTYPES = YES;
				CLANG_WARN_SUSPICIOUS_MOVE = YES;
				CLANG_WARN_UNGUARDED_AVAILABILITY = YES_AGGRESSIVE;
				CLANG_WARN_UNREACHABLE_CODE = YES;
				CLANG_WARN__DUPLICATE_METHOD_MATCH = YES;
				COPY_PHASE_STRIP = NO;
				DEBUG_INFORMATION_FORMAT = "dwarf-with-dsym";
				ENABLE_NS_ASSERTIONS = NO;
				ENABLE_STRICT_OBJC_MSGSEND = YES;
				GCC_C_LANGUAGE_STANDARD = gnu11;
				GCC_NO_COMMON_BLOCKS = YES;
				GCC_WARN_64_TO_32_BIT_CONVERSION = YES;
				GCC_WARN_ABOUT_RETURN_TYPE = YES_ERROR;
				GCC_WARN_UNDECLARED_SELECTOR = YES;
				GCC_WARN_UNINITIALIZED_AUTOS = YES_AGGRESSIVE;
				GCC_WARN_UNUSED_FUNCTION = YES;
				GCC_WARN_UNUSED_VARIABLE = YES;
				IPHONEOS_DEPLOYMENT_TARGET = 15.0;
				MTL_ENABLE_DEBUG_INFO = NO;
				MTL_FAST_MATH = YES;
				SDKROOT = iphoneos;
				SWIFT_COMPILATION_MODE = wholemodule;
				SWIFT_OPTIMIZATION_LEVEL = "-O";
				VALIDATE_PRODUCT = YES;
			};
			name = Release;
		};
		6DB0A15027FBA42D008A8381 /* Debug */ = {
			isa = XCBuildConfiguration;
			baseConfigurationReference = 77AA978A5A3F46E3EEC674CE /* Pods-IokaDemoApp.debug.xcconfig */;
			buildSettings = {
				ASSETCATALOG_COMPILER_APPICON_NAME = AppIcon;
				ASSETCATALOG_COMPILER_GLOBAL_ACCENT_COLOR_NAME = AccentColor;
				CODE_SIGN_ENTITLEMENTS = IokaDemoApp.entitlements;
				CODE_SIGN_IDENTITY = "iPhone Developer";
				CODE_SIGN_STYLE = Manual;
				CURRENT_PROJECT_VERSION = 1;
				DEVELOPMENT_TEAM = LV4R64GJ7W;
				GENERATE_INFOPLIST_FILE = YES;
				INFOPLIST_FILE = Ioka/Info.plist;
				INFOPLIST_KEY_NSCameraUsageDescription = "Please enable camera usage for working with card scanning feature";
				INFOPLIST_KEY_UIApplicationSupportsIndirectInputEvents = YES;
				INFOPLIST_KEY_UILaunchStoryboardName = LaunchScreen;
				INFOPLIST_KEY_UIMainStoryboardFile = Main;
				INFOPLIST_KEY_UISupportedInterfaceOrientations_iPad = "UIInterfaceOrientationPortrait UIInterfaceOrientationPortraitUpsideDown UIInterfaceOrientationLandscapeLeft UIInterfaceOrientationLandscapeRight";
				INFOPLIST_KEY_UISupportedInterfaceOrientations_iPhone = "UIInterfaceOrientationPortrait UIInterfaceOrientationLandscapeLeft UIInterfaceOrientationLandscapeRight";
				IPHONEOS_DEPLOYMENT_TARGET = 12.0;
				LD_RUNPATH_SEARCH_PATHS = (
					"$(inherited)",
					"@executable_path/Frameworks",
				);
				MARKETING_VERSION = 1.0;
				PRODUCT_BUNDLE_IDENTIFIER = kz.ioka.demo.ios;
				PRODUCT_NAME = "$(TARGET_NAME)";
				PROVISIONING_PROFILE_SPECIFIER = ios_demo;
				SWIFT_EMIT_LOC_STRINGS = YES;
				SWIFT_VERSION = 5.0;
				TARGETED_DEVICE_FAMILY = "1,2";
			};
			name = Debug;
		};
		6DB0A15127FBA42D008A8381 /* Release */ = {
			isa = XCBuildConfiguration;
			baseConfigurationReference = C7564E327C85F840A571237A /* Pods-IokaDemoApp.release.xcconfig */;
			buildSettings = {
				ASSETCATALOG_COMPILER_APPICON_NAME = AppIcon;
				ASSETCATALOG_COMPILER_GLOBAL_ACCENT_COLOR_NAME = AccentColor;
				CODE_SIGN_ENTITLEMENTS = IokaDemoApp.entitlements;
				CODE_SIGN_IDENTITY = "iPhone Developer";
				CODE_SIGN_STYLE = Manual;
				CURRENT_PROJECT_VERSION = 1;
				DEVELOPMENT_TEAM = LV4R64GJ7W;
				GENERATE_INFOPLIST_FILE = YES;
				INFOPLIST_FILE = Ioka/Info.plist;
				INFOPLIST_KEY_NSCameraUsageDescription = "Please enable camera usage for working with card scanning feature";
				INFOPLIST_KEY_UIApplicationSupportsIndirectInputEvents = YES;
				INFOPLIST_KEY_UILaunchStoryboardName = LaunchScreen;
				INFOPLIST_KEY_UIMainStoryboardFile = Main;
				INFOPLIST_KEY_UISupportedInterfaceOrientations_iPad = "UIInterfaceOrientationPortrait UIInterfaceOrientationPortraitUpsideDown UIInterfaceOrientationLandscapeLeft UIInterfaceOrientationLandscapeRight";
				INFOPLIST_KEY_UISupportedInterfaceOrientations_iPhone = "UIInterfaceOrientationPortrait UIInterfaceOrientationLandscapeLeft UIInterfaceOrientationLandscapeRight";
				IPHONEOS_DEPLOYMENT_TARGET = 12.0;
				LD_RUNPATH_SEARCH_PATHS = (
					"$(inherited)",
					"@executable_path/Frameworks",
				);
				MARKETING_VERSION = 1.0;
				PRODUCT_BUNDLE_IDENTIFIER = kz.ioka.demo.ios;
				PRODUCT_NAME = "$(TARGET_NAME)";
				PROVISIONING_PROFILE_SPECIFIER = ios_demo;
				SWIFT_EMIT_LOC_STRINGS = YES;
				SWIFT_VERSION = 5.0;
				TARGETED_DEVICE_FAMILY = "1,2";
			};
			name = Release;
		};
/* End XCBuildConfiguration section */

/* Begin XCConfigurationList section */
		6DB0A13627FBA42C008A8381 /* Build configuration list for PBXProject "IokaDemoApp" */ = {
			isa = XCConfigurationList;
			buildConfigurations = (
				6DB0A14D27FBA42D008A8381 /* Debug */,
				6DB0A14E27FBA42D008A8381 /* Release */,
			);
			defaultConfigurationIsVisible = 0;
			defaultConfigurationName = Release;
		};
		6DB0A14F27FBA42D008A8381 /* Build configuration list for PBXNativeTarget "IokaDemoApp" */ = {
			isa = XCConfigurationList;
			buildConfigurations = (
				6DB0A15027FBA42D008A8381 /* Debug */,
				6DB0A15127FBA42D008A8381 /* Release */,
			);
			defaultConfigurationIsVisible = 0;
			defaultConfigurationName = Release;
		};
/* End XCConfigurationList section */
	};
	rootObject = 6DB0A13327FBA42C008A8381 /* Project object */;
}
